# Code generated by scarb DO NOT EDIT.
version = 1

[[package]]
name = "cubit"
version = "1.2.0"
source = "git+https://github.com/influenceth/cubit#b4590530d5aeae9aabd36740cc2a3d9e6adc5fde"

[[package]]
name = "dojo"
version = "0.3.12"
source = "git+https://github.com/dojoengine/dojo#b3f49977fe921564725c30b912126aea57859bbd"
dependencies = [
 "dojo_plugin",
]

[[package]]
name = "dojo_plugin"
version = "0.3.12"
source = "git+https://github.com/dojoengine/dojo?tag=v0.3.12#12d58f29ec53454317f1f6d265007a053d279288"

[[package]]
name = "hegemony"
version = "0.0.1"
dependencies = [
 "cubit",
 "dojo",
]
